// !$*UTF8*$!
{
	archiveVersion = 1;
	classes = {
	};
	objectVersion = 55;
	objects = {

/* Begin PBXBuildFile section */
		76391C2C27EF60FB005DD90D /* AppDelegate.swift in Sources */ = {isa = PBXBuildFile; fileRef = 76391C2B27EF60FB005DD90D /* AppDelegate.swift */; };
		76391C2E27EF60FB005DD90D /* SceneDelegate.swift in Sources */ = {isa = PBXBuildFile; fileRef = 76391C2D27EF60FB005DD90D /* SceneDelegate.swift */; };
		76391C3027EF60FB005DD90D /* LoginViewController.swift in Sources */ = {isa = PBXBuildFile; fileRef = 76391C2F27EF60FB005DD90D /* LoginViewController.swift */; };
		76391C3327EF60FB005DD90D /* Main.storyboard in Resources */ = {isa = PBXBuildFile; fileRef = 76391C3127EF60FB005DD90D /* Main.storyboard */; };
		76391C3527EF60FC005DD90D /* Assets.xcassets in Resources */ = {isa = PBXBuildFile; fileRef = 76391C3427EF60FC005DD90D /* Assets.xcassets */; };
		76391C3827EF60FC005DD90D /* LaunchScreen.storyboard in Resources */ = {isa = PBXBuildFile; fileRef = 76391C3627EF60FC005DD90D /* LaunchScreen.storyboard */; };
		768D940927F2283600419E32 /* Persone.swift in Sources */ = {isa = PBXBuildFile; fileRef = 768D940827F2283600419E32 /* Persone.swift */; };
		76BA4FB627EF655600271692 /* WelcomeViewController.swift in Sources */ = {isa = PBXBuildFile; fileRef = 76BA4FB527EF655600271692 /* WelcomeViewController.swift */; };
/* End PBXBuildFile section */

/* Begin PBXFileReference section */
		76391C2827EF60FB005DD90D /* RegistrationHW2.3.app */ = {isa = PBXFileReference; explicitFileType = wrapper.application; includeInIndex = 0; path = RegistrationHW2.3.app; sourceTree = BUILT_PRODUCTS_DIR; };
		76391C2B27EF60FB005DD90D /* AppDelegate.swift */ = {isa = PBXFileReference; lastKnownFileType = sourcecode.swift; path = AppDelegate.swift; sourceTree = "<group>"; };
		76391C2D27EF60FB005DD90D /* SceneDelegate.swift */ = {isa = PBXFileReference; lastKnownFileType = sourcecode.swift; path = SceneDelegate.swift; sourceTree = "<group>"; };
		76391C2F27EF60FB005DD90D /* LoginViewController.swift */ = {isa = PBXFileReference; lastKnownFileType = sourcecode.swift; path = LoginViewController.swift; sourceTree = "<group>"; };
		76391C3227EF60FB005DD90D /* Base */ = {isa = PBXFileReference; lastKnownFileType = file.storyboard; name = Base; path = Base.lproj/Main.storyboard; sourceTree = "<group>"; };
		76391C3427EF60FC005DD90D /* Assets.xcassets */ = {isa = PBXFileReference; lastKnownFileType = folder.assetcatalog; path = Assets.xcassets; sourceTree = "<group>"; };
		76391C3727EF60FC005DD90D /* Base */ = {isa = PBXFileReference; lastKnownFileType = file.storyboard; name = Base; path = Base.lproj/LaunchScreen.storyboard; sourceTree = "<group>"; };
		76391C3927EF60FC005DD90D /* Info.plist */ = {isa = PBXFileReference; lastKnownFileType = text.plist.xml; path = Info.plist; sourceTree = "<group>"; };
		768D940827F2283600419E32 /* Persone.swift */ = {isa = PBXFileReference; lastKnownFileType = sourcecode.swift; path = Persone.swift; sourceTree = "<group>"; };
		76BA4FB527EF655600271692 /* WelcomeViewController.swift */ = {isa = PBXFileReference; lastKnownFileType = sourcecode.swift; path = WelcomeViewController.swift; sourceTree = "<group>"; };
/* End PBXFileReference section */

/* Begin PBXFrameworksBuildPhase section */
		76391C2527EF60FB005DD90D /* Frameworks */ = {
			isa = PBXFrameworksBuildPhase;
			buildActionMask = 2147483647;
			files = (
			);
			runOnlyForDeploymentPostprocessing = 0;
		};
/* End PBXFrameworksBuildPhase section */

/* Begin PBXGroup section */
		76391C1F27EF60FB005DD90D = {
			isa = PBXGroup;
			children = (
				76391C2A27EF60FB005DD90D /* RegistrationHW2.3 */,
				76391C2927EF60FB005DD90D /* Products */,
			);
			sourceTree = "<group>";
		};
		76391C2927EF60FB005DD90D /* Products */ = {
			isa = PBXGroup;
			children = (
				76391C2827EF60FB005DD90D /* RegistrationHW2.3.app */,
			);
			name = Products;
			sourceTree = "<group>";
		};
		76391C2A27EF60FB005DD90D /* RegistrationHW2.3 */ = {
			isa = PBXGroup;
			children = (
				768D940427F2250200419E32 /* Storyboards */,
				768D940327F2241C00419E32 /* View */,
				768D940727F2275500419E32 /* Persone */,
				768D940627F225E600419E32 /* App */,
				768D940527F2255E00419E32 /* Resources */,
			);
			path = RegistrationHW2.3;
			sourceTree = "<group>";
		};
		768D940327F2241C00419E32 /* View */ = {
			isa = PBXGroup;
			children = (
				76391C2F27EF60FB005DD90D /* LoginViewController.swift */,
				76BA4FB527EF655600271692 /* WelcomeViewController.swift */,
			);
			path = View;
			sourceTree = "<group>";
		};
		768D940427F2250200419E32 /* Storyboards */ = {
			isa = PBXGroup;
			children = (
				76391C3127EF60FB005DD90D /* Main.storyboard */,
				76391C3627EF60FC005DD90D /* LaunchScreen.storyboard */,
			);
			path = Storyboards;
			sourceTree = "<group>";
		};
		768D940527F2255E00419E32 /* Resources */ = {
			isa = PBXGroup;
			children = (
				76391C3427EF60FC005DD90D /* Assets.xcassets */,
			);
			path = Resources;
			sourceTree = "<group>";
		};
		768D940627F225E600419E32 /* App */ = {
			isa = PBXGroup;
			children = (
				76391C2B27EF60FB005DD90D /* AppDelegate.swift */,
				76391C2D27EF60FB005DD90D /* SceneDelegate.swift */,
				76391C3927EF60FC005DD90D /* Info.plist */,
			);
			path = App;
			sourceTree = "<group>";
		};
		768D940727F2275500419E32 /* Persone */ = {
			isa = PBXGroup;
			children = (
				768D940827F2283600419E32 /* Persone.swift */,
			);
			path = Persone;
			sourceTree = "<group>";
		};
/* End PBXGroup section */

/* Begin PBXNativeTarget section */
		76391C2727EF60FB005DD90D /* RegistrationHW2.3 */ = {
			isa = PBXNativeTarget;
			buildConfigurationList = 76391C3C27EF60FC005DD90D /* Build configuration list for PBXNativeTarget "RegistrationHW2.3" */;
			buildPhases = (
				76391C2427EF60FB005DD90D /* Sources */,
				76391C2527EF60FB005DD90D /* Frameworks */,
				76391C2627EF60FB005DD90D /* Resources */,
			);
			buildRules = (
			);
			dependencies = (
			);
			name = RegistrationHW2.3;
			productName = RegistrationHW2.3;
			productReference = 76391C2827EF60FB005DD90D /* RegistrationHW2.3.app */;
			productType = "com.apple.product-type.application";
		};
/* End PBXNativeTarget section */

/* Begin PBXProject section */
		76391C2027EF60FB005DD90D /* Project object */ = {
			isa = PBXProject;
			attributes = {
				BuildIndependentTargetsInParallel = 1;
				LastSwiftUpdateCheck = 1330;
				LastUpgradeCheck = 1330;
				TargetAttributes = {
					76391C2727EF60FB005DD90D = {
						CreatedOnToolsVersion = 13.3;
					};
				};
			};
			buildConfigurationList = 76391C2327EF60FB005DD90D /* Build configuration list for PBXProject "RegistrationHW2.3" */;
			compatibilityVersion = "Xcode 13.0";
			developmentRegion = en;
			hasScannedForEncodings = 0;
			knownRegions = (
				en,
				Base,
			);
			mainGroup = 76391C1F27EF60FB005DD90D;
			productRefGroup = 76391C2927EF60FB005DD90D /* Products */;
			projectDirPath = "";
			projectRoot = "";
			targets = (
				76391C2727EF60FB005DD90D /* RegistrationHW2.3 */,
			);
		};
/* End PBXProject section */

/* Begin PBXResourcesBuildPhase section */
		76391C2627EF60FB005DD90D /* Resources */ = {
			isa = PBXResourcesBuildPhase;
			buildActionMask = 2147483647;
			files = (
				76391C3827EF60FC005DD90D /* LaunchScreen.storyboard in Resources */,
				76391C3527EF60FC005DD90D /* Assets.xcassets in Resources */,
				76391C3327EF60FB005DD90D /* Main.storyboard in Resources */,
			);
			runOnlyForDeploymentPostprocessing = 0;
		};
/* End PBXResourcesBuildPhase section */

/* Begin PBXSourcesBuildPhase section */
		76391C2427EF60FB005DD90D /* Sources */ = {
			isa = PBXSourcesBuildPhase;
			buildActionMask = 2147483647;
			files = (
				76391C3027EF60FB005DD90D /* LoginViewController.swift in Sources */,
				76BA4FB627EF655600271692 /* WelcomeViewController.swift in Sources */,
				76391C2C27EF60FB005DD90D /* AppDelegate.swift in Sources */,
				768D940927F2283600419E32 /* Persone.swift in Sources */,
				76391C2E27EF60FB005DD90D /* SceneDelegate.swift in Sources */,
			);
			runOnlyForDeploymentPostprocessing = 0;
		};
/* End PBXSourcesBuildPhase section */

/* Begin PBXVariantGroup section */
		76391C3127EF60FB005DD90D /* Main.storyboard */ = {
			isa = PBXVariantGroup;
			children = (
				76391C3227EF60FB005DD90D /* Base */,
			);
			name = Main.storyboard;
			sourceTree = "<group>";
		};
		76391C3627EF60FC005DD90D /* LaunchScreen.storyboard */ = {
			isa = PBXVariantGroup;
			children = (
				76391C3727EF60FC005DD90D /* Base */,
			);
			name = LaunchScreen.storyboard;
			sourceTree = "<group>";
		};
/* End PBXVariantGroup section */

/* Begin XCBuildConfiguration section */
		76391C3A27EF60FC005DD90D /* Debug */ = {
			isa = XCBuildConfiguration;
			buildSettings = {
				ALWAYS_SEARCH_USER_PATHS = NO;
				CLANG_ANALYZER_NONNULL = YES;
				CLANG_ANALYZER_NUMBER_OBJECT_CONVERSION = YES_AGGRESSIVE;
				CLANG_CXX_LANGUAGE_STANDARD = "gnu++17";
				CLANG_ENABLE_MODULES = YES;
				CLANG_ENABLE_OBJC_ARC = YES;
				CLANG_ENABLE_OBJC_WEAK = YES;
				CLANG_WARN_BLOCK_CAPTURE_AUTORELEASING = YES;
				CLANG_WARN_BOOL_CONVERSION = YES;
				CLANG_WARN_COMMA = YES;
				CLANG_WARN_CONSTANT_CONVERSION = YES;
				CLANG_WARN_DEPRECATED_OBJC_IMPLEMENTATIONS = YES;
				CLANG_WARN_DIRECT_OBJC_ISA_USAGE = YES_ERROR;
				CLANG_WARN_DOCUMENTATION_COMMENTS = YES;
				CLANG_WARN_EMPTY_BODY = YES;
				CLANG_WARN_ENUM_CONVERSION = YES;
				CLANG_WARN_INFINITE_RECURSION = YES;
				CLANG_WARN_INT_CONVERSION = YES;
				CLANG_WARN_NON_LITERAL_NULL_CONVERSION = YES;
				CLANG_WARN_OBJC_IMPLICIT_RETAIN_SELF = YES;
				CLANG_WARN_OBJC_LITERAL_CONVERSION = YES;
				CLANG_WARN_OBJC_ROOT_CLASS = YES_ERROR;
				CLANG_WARN_QUOTED_INCLUDE_IN_FRAMEWORK_HEADER = YES;
				CLANG_WARN_RANGE_LOOP_ANALYSIS = YES;
				CLANG_WARN_STRICT_PROTOTYPES = YES;
				CLANG_WARN_SUSPICIOUS_MOVE = YES;
				CLANG_WARN_UNGUARDED_AVAILABILITY = YES_AGGRESSIVE;
				CLANG_WARN_UNREACHABLE_CODE = YES;
				CLANG_WARN__DUPLICATE_METHOD_MATCH = YES;
				COPY_PHASE_STRIP = NO;
				DEBUG_INFORMATION_FORMAT = dwarf;
				ENABLE_STRICT_OBJC_MSGSEND = YES;
				ENABLE_TESTABILITY = YES;
				GCC_C_LANGUAGE_STANDARD = gnu11;
				GCC_DYNAMIC_NO_PIC = NO;
				GCC_NO_COMMON_BLOCKS = YES;
				GCC_OPTIMIZATION_LEVEL = 0;
				GCC_PREPROCESSOR_DEFINITIONS = (
					"DEBUG=1",
					"$(inherited)",
				);
				GCC_WARN_64_TO_32_BIT_CONVERSION = YES;
				GCC_WARN_ABOUT_RETURN_TYPE = YES_ERROR;
				GCC_WARN_UNDECLARED_SELECTOR = YES;
				GCC_WARN_UNINITIALIZED_AUTOS = YES_AGGRESSIVE;
				GCC_WARN_UNUSED_FUNCTION = YES;
				GCC_WARN_UNUSED_VARIABLE = YES;
				IPHONEOS_DEPLOYMENT_TARGET = 15.4;
				MTL_ENABLE_DEBUG_INFO = INCLUDE_SOURCE;
				MTL_FAST_MATH = YES;
				ONLY_ACTIVE_ARCH = YES;
				SDKROOT = iphoneos;
				SWIFT_ACTIVE_COMPILATION_CONDITIONS = DEBUG;
				SWIFT_OPTIMIZATION_LEVEL = "-Onone";
			};
			name = Debug;
		};
		76391C3B27EF60FC005DD90D /* Release */ = {
			isa = XCBuildConfiguration;
			buildSettings = {
				ALWAYS_SEARCH_USER_PATHS = NO;
				CLANG_ANALYZER_NONNULL = YES;
				CLANG_ANALYZER_NUMBER_OBJECT_CONVERSION = YES_AGGRESSIVE;
				CLANG_CXX_LANGUAGE_STANDARD = "gnu++17";
				CLANG_ENABLE_MODULES = YES;
				CLANG_ENABLE_OBJC_ARC = YES;
				CLANG_ENABLE_OBJC_WEAK = YES;
				CLANG_WARN_BLOCK_CAPTURE_AUTORELEASING = YES;
				CLANG_WARN_BOOL_CONVERSION = YES;
				CLANG_WARN_COMMA = YES;
				CLANG_WARN_CONSTANT_CONVERSION = YES;
				CLANG_WARN_DEPRECATED_OBJC_IMPLEMENTATIONS = YES;
				CLANG_WARN_DIRECT_OBJC_ISA_USAGE = YES_ERROR;
				CLANG_WARN_DOCUMENTATION_COMMENTS = YES;
				CLANG_WARN_EMPTY_BODY = YES;
				CLANG_WARN_ENUM_CONVERSION = YES;
				CLANG_WARN_INFINITE_RECURSION = YES;
				CLANG_WARN_INT_CONVERSION = YES;
				CLANG_WARN_NON_LITERAL_NULL_CONVERSION = YES;
				CLANG_WARN_OBJC_IMPLICIT_RETAIN_SELF = YES;
				CLANG_WARN_OBJC_LITERAL_CONVERSION = YES;
				CLANG_WARN_OBJC_ROOT_CLASS = YES_ERROR;
				CLANG_WARN_QUOTED_INCLUDE_IN_FRAMEWORK_HEADER = YES;
				CLANG_WARN_RANGE_LOOP_ANALYSIS = YES;
				CLANG_WARN_STRICT_PROTOTYPES = YES;
				CLANG_WARN_SUSPICIOUS_MOVE = YES;
				CLANG_WARN_UNGUARDED_AVAILABILITY = YES_AGGRESSIVE;
				CLANG_WARN_UNREACHABLE_CODE = YES;
				CLANG_WARN__DUPLICATE_METHOD_MATCH = YES;
				COPY_PHASE_STRIP = NO;
				DEBUG_INFORMATION_FORMAT = "dwarf-with-dsym";
				ENABLE_NS_ASSERTIONS = NO;
				ENABLE_STRICT_OBJC_MSGSEND = YES;
				GCC_C_LANGUAGE_STANDARD = gnu11;
				GCC_NO_COMMON_BLOCKS = YES;
				GCC_WARN_64_TO_32_BIT_CONVERSION = YES;
				GCC_WARN_ABOUT_RETURN_TYPE = YES_ERROR;
				GCC_WARN_UNDECLARED_SELECTOR = YES;
				GCC_WARN_UNINITIALIZED_AUTOS = YES_AGGRESSIVE;
				GCC_WARN_UNUSED_FUNCTION = YES;
				GCC_WARN_UNUSED_VARIABLE = YES;
				IPHONEOS_DEPLOYMENT_TARGET = 15.4;
				MTL_ENABLE_DEBUG_INFO = NO;
				MTL_FAST_MATH = YES;
				SDKROOT = iphoneos;
				SWIFT_COMPILATION_MODE = wholemodule;
				SWIFT_OPTIMIZATION_LEVEL = "-O";
				VALIDATE_PRODUCT = YES;
			};
			name = Release;
		};
		76391C3D27EF60FC005DD90D /* Debug */ = {
			isa = XCBuildConfiguration;
			buildSettings = {
				ASSETCATALOG_COMPILER_APPICON_NAME = AppIcon;
				ASSETCATALOG_COMPILER_GLOBAL_ACCENT_COLOR_NAME = AccentColor;
				CODE_SIGN_STYLE = Automatic;
				CURRENT_PROJECT_VERSION = 1;
				DEVELOPMENT_TEAM = N85MKK397C;
				GENERATE_INFOPLIST_FILE = YES;
				INFOPLIST_FILE = RegistrationHW2.3/App/Info.plist;
				INFOPLIST_KEY_UIApplicationSupportsIndirectInputEvents = YES;
				INFOPLIST_KEY_UILaunchStoryboardName = LaunchScreen;
				INFOPLIST_KEY_UIMainStoryboardFile = Main;
				INFOPLIST_KEY_UISupportedInterfaceOrientations = UIInterfaceOrientationPortrait;
				INFOPLIST_KEY_UISupportedInterfaceOrientations_iPad = "UIInterfaceOrientationPortrait UIInterfaceOrientationPortraitUpsideDown UIInterfaceOrientationLandscapeLeft UIInterfaceOrientationLandscapeRight";
				INFOPLIST_KEY_UISupportedInterfaceOrientations_iPhone = "UIInterfaceOrientationPortrait UIInterfaceOrientationLandscapeLeft UIInterfaceOrientationLandscapeRight";
				LD_RUNPATH_SEARCH_PATHS = (
					"$(inherited)",
					"@executable_path/Frameworks",
				);
				MARKETING_VERSION = 1.0;
				PRODUCT_BUNDLE_IDENTIFIER = "max.RegistrationHW2-3";
				PRODUCT_NAME = "$(TARGET_NAME)";
				SWIFT_EMIT_LOC_STRINGS = YES;
				SWIFT_VERSION = 5.0;
				TARGETED_DEVICE_FAMILY = "1,2";
			};
			name = Debug;
		};
		76391C3E27EF60FC005DD90D /* Release */ = {
			isa = XCBuildConfiguration;
			buildSettings = {
				ASSETCATALOG_COMPILER_APPICON_NAME = AppIcon;
				ASSETCATALOG_COMPILER_GLOBAL_ACCENT_COLOR_NAME = AccentColor;
				CODE_SIGN_STYLE = Automatic;
				CURRENT_PROJECT_VERSION = 1;
				DEVELOPMENT_TEAM = N85MKK397C;
				GENERATE_INFOPLIST_FILE = YES;
				INFOPLIST_FILE = RegistrationHW2.3/App/Info.plist;
				INFOPLIST_KEY_UIApplicationSupportsIndirectInputEvents = YES;
				INFOPLIST_KEY_UILaunchStoryboardName = LaunchScreen;
				INFOPLIST_KEY_UIMainStoryboardFile = Main;
				INFOPLIST_KEY_UISupportedInterfaceOrientations = UIInterfaceOrientationPortrait;
				INFOPLIST_KEY_UISupportedInterfaceOrientations_iPad = "UIInterfaceOrientationPortrait UIInterfaceOrientationPortraitUpsideDown UIInterfaceOrientationLandscapeLeft UIInterfaceOrientationLandscapeRight";
				INFOPLIST_KEY_UISupportedInterfaceOrientations_iPhone = "UIInterfaceOrientationPortrait UIInterfaceOrientationLandscapeLeft UIInterfaceOrientationLandscapeRight";
				LD_RUNPATH_SEARCH_PATHS = (
					"$(inherited)",
					"@executable_path/Frameworks",
				);
				MARKETING_VERSION = 1.0;
				PRODUCT_BUNDLE_IDENTIFIER = "max.RegistrationHW2-3";
				PRODUCT_NAME = "$(TARGET_NAME)";
				SWIFT_EMIT_LOC_STRINGS = YES;
				SWIFT_VERSION = 5.0;
				TARGETED_DEVICE_FAMILY = "1,2";
			};
			name = Release;
		};
/* End XCBuildConfiguration section */

/* Begin XCConfigurationList section */
		76391C2327EF60FB005DD90D /* Build configuration list for PBXProject "RegistrationHW2.3" */ = {
			isa = XCConfigurationList;
			buildConfigurations = (
				76391C3A27EF60FC005DD90D /* Debug */,
				76391C3B27EF60FC005DD90D /* Release */,
			);
			defaultConfigurationIsVisible = 0;
			defaultConfigurationName = Release;
		};
		76391C3C27EF60FC005DD90D /* Build configuration list for PBXNativeTarget "RegistrationHW2.3" */ = {
			isa = XCConfigurationList;
			buildConfigurations = (
				76391C3D27EF60FC005DD90D /* Debug */,
				76391C3E27EF60FC005DD90D /* Release */,
			);
			defaultConfigurationIsVisible = 0;
			defaultConfigurationName = Release;
		};
/* End XCConfigurationList section */
	};
	rootObject = 76391C2027EF60FB005DD90D /* Project object */;
}
